<?xml version="1.0" encoding="UTF-8"?>
<Project ToolsVersion="14.0" xmlns="http://schemas.microsoft.com/developer/msbuild/2003">
  <ItemGroup>
    <ClCompile Include="E:\SDK\opencv_2.4.13.2\sources\apps\visualisation\opencv_visualisation.cpp">
      <Filter>Source Files</Filter>
    </ClCompile>
  </ItemGroup>
  <ItemGroup>
    <CustomBuild Include="E:\SDK\opencv_2.4.13.2\sources\apps\visualisation\CMakeLists.txt" />
  </ItemGroup>
  <ItemGroup>
    <Filter Include="Source Files">
      <UniqueIdentifier>{72D18FE9-2C9B-3E80-AD43-BC00B07441FB}</UniqueIdentifier>
    </Filter>
  </ItemGroup>
</Project>
