Microsoft Visual Studio Solution File, Format Version 12.00
# Visual Studio 14
Project("{2150E333-8FDC-42A3-9474-1A3956D46DE8}") = "3rdparty", "3rdparty", "{06C64CE2-0BF9-3EAE-90E4-345CDCC43C96}"
EndProject
Project("{2150E333-8FDC-42A3-9474-1A3956D46DE8}") = "CMakeTargets", "CMakeTargets", "{6E5D64FD-34DC-3469-9E7D-34B93DE26696}"
EndProject
Project("{2150E333-8FDC-42A3-9474-1A3956D46DE8}") = "modules", "modules", "{BCF26AD2-1F9B-32D2-AD0D-5CF98999458A}"
EndProject
Project("{2150E333-8FDC-42A3-9474-1A3956D46DE8}") = "tests accuracy", "tests accuracy", "{E471B33A-6BB3-339F-B384-079B6FD3C8A8}"
EndProject
Project("{2150E333-8FDC-42A3-9474-1A3956D46DE8}") = "tests performance", "tests performance", "{6276DA97-A483-33D3-851E-5AFC64077036}"
EndProject
Project("{8BC9CEB8-8B4A-11D0-8D11-00A0C91BC942}") = "ALL_BUILD", "ALL_BUILD.vcxproj", "{5B160972-FB97-3685-93CC-9A70D2900E1B}"
	ProjectSection(ProjectDependencies) = postProject
		{34B73CEA-8A89-3D6B-BE55-8BC9F41E3886} = {34B73CEA-8A89-3D6B-BE55-8BC9F41E3886}
		{AA421B02-64C9-3666-8C8C-79452665C33D} = {AA421B02-64C9-3666-8C8C-79452665C33D}
		{40792314-6886-330E-8E96-6CD7D3617DD1} = {40792314-6886-330E-8E96-6CD7D3617DD1}
		{C28592AA-E64C-3737-B699-1BCC97820693} = {C28592AA-E64C-3737-B699-1BCC97820693}
	EndProjectSection
EndProject
Project("{8BC9CEB8-8B4A-11D0-8D11-00A0C91BC942}") = "INSTALL", "INSTALL.vcxproj", "{66D7B32B-0326-31D0-852E-CA5007F8AEC8}"
	ProjectSection(ProjectDependencies) = postProject
		{5B160972-FB97-3685-93CC-9A70D2900E1B} = {5B160972-FB97-3685-93CC-9A70D2900E1B}
		{34B73CEA-8A89-3D6B-BE55-8BC9F41E3886} = {34B73CEA-8A89-3D6B-BE55-8BC9F41E3886}
	EndProjectSection
EndProject
Project("{8BC9CEB8-8B4A-11D0-8D11-00A0C91BC942}") = "IlmImf", "..\..\3rdparty\openexr\IlmImf.vcxproj", "{1CD2BE2E-CED0-3F45-B129-DAAB3A98FB49}"
	ProjectSection(ProjectDependencies) = postProject
		{34B73CEA-8A89-3D6B-BE55-8BC9F41E3886} = {34B73CEA-8A89-3D6B-BE55-8BC9F41E3886}
		{DE1CA980-FBB1-3690-8B25-F84CB08C48AD} = {DE1CA980-FBB1-3690-8B25-F84CB08C48AD}
	EndProjectSection
EndProject
Project("{8BC9CEB8-8B4A-11D0-8D11-00A0C91BC942}") = "PACKAGE", "PACKAGE.vcxproj", "{4E4EA4CF-6B9B-3E5B-9C68-6234C3D253CF}"
	ProjectSection(ProjectDependencies) = postProject
		{5B160972-FB97-3685-93CC-9A70D2900E1B} = {5B160972-FB97-3685-93CC-9A70D2900E1B}
		{34B73CEA-8A89-3D6B-BE55-8BC9F41E3886} = {34B73CEA-8A89-3D6B-BE55-8BC9F41E3886}
	EndProjectSection
EndProject
Project("{8BC9CEB8-8B4A-11D0-8D11-00A0C91BC942}") = "RUN_TESTS", "RUN_TESTS.vcxproj", "{70E4F734-EC0F-3195-84EB-481A6D104E7B}"
	ProjectSection(ProjectDependencies) = postProject
		{34B73CEA-8A89-3D6B-BE55-8BC9F41E3886} = {34B73CEA-8A89-3D6B-BE55-8BC9F41E3886}
	EndProjectSection
EndProject
Project("{8BC9CEB8-8B4A-11D0-8D11-00A0C91BC942}") = "ZERO_CHECK", "..\..\\ZERO_CHECK.vcxproj", "{34B73CEA-8A89-3D6B-BE55-8BC9F41E3886}"
	ProjectSection(ProjectDependencies) = postProject
	EndProjectSection
EndProject
Project("{8BC9CEB8-8B4A-11D0-8D11-00A0C91BC942}") = "libjasper", "..\..\3rdparty\libjasper\libjasper.vcxproj", "{B4D4EDBF-112C-3A7E-89D4-CFD7EC9C1601}"
	ProjectSection(ProjectDependencies) = postProject
		{34B73CEA-8A89-3D6B-BE55-8BC9F41E3886} = {34B73CEA-8A89-3D6B-BE55-8BC9F41E3886}
	EndProjectSection
EndProject
Project("{8BC9CEB8-8B4A-11D0-8D11-00A0C91BC942}") = "libjpeg", "..\..\3rdparty\libjpeg\libjpeg.vcxproj", "{3433EA60-842A-349E-98DE-A57FC03934C0}"
	ProjectSection(ProjectDependencies) = postProject
		{34B73CEA-8A89-3D6B-BE55-8BC9F41E3886} = {34B73CEA-8A89-3D6B-BE55-8BC9F41E3886}
	EndProjectSection
EndProject
Project("{8BC9CEB8-8B4A-11D0-8D11-00A0C91BC942}") = "libpng", "..\..\3rdparty\libpng\libpng.vcxproj", "{71283567-B97D-3EAE-BEC8-96F81C30EE53}"
	ProjectSection(ProjectDependencies) = postProject
		{34B73CEA-8A89-3D6B-BE55-8BC9F41E3886} = {34B73CEA-8A89-3D6B-BE55-8BC9F41E3886}
		{DE1CA980-FBB1-3690-8B25-F84CB08C48AD} = {DE1CA980-FBB1-3690-8B25-F84CB08C48AD}
	EndProjectSection
EndProject
Project("{8BC9CEB8-8B4A-11D0-8D11-00A0C91BC942}") = "libtiff", "..\..\3rdparty\libtiff\libtiff.vcxproj", "{173F464A-797D-328D-913D-86AC8DFB272B}"
	ProjectSection(ProjectDependencies) = postProject
		{34B73CEA-8A89-3D6B-BE55-8BC9F41E3886} = {34B73CEA-8A89-3D6B-BE55-8BC9F41E3886}
		{DE1CA980-FBB1-3690-8B25-F84CB08C48AD} = {DE1CA980-FBB1-3690-8B25-F84CB08C48AD}
	EndProjectSection
EndProject
Project("{8BC9CEB8-8B4A-11D0-8D11-00A0C91BC942}") = "opencv_calib3d", "..\calib3d\opencv_calib3d.vcxproj", "{8F403C45-37D8-31DB-BB10-0CDE6CB9E654}"
	ProjectSection(ProjectDependencies) = postProject
		{34B73CEA-8A89-3D6B-BE55-8BC9F41E3886} = {34B73CEA-8A89-3D6B-BE55-8BC9F41E3886}
		{97675405-ADDE-30D4-A00E-0F0D8083083D} = {97675405-ADDE-30D4-A00E-0F0D8083083D}
		{A4F54663-743A-3854-9DFD-74BF528E249E} = {A4F54663-743A-3854-9DFD-74BF528E249E}
		{A262F513-673A-3AF3-9E38-B27328CF7D03} = {A262F513-673A-3AF3-9E38-B27328CF7D03}
		{AA421B02-64C9-3666-8C8C-79452665C33D} = {AA421B02-64C9-3666-8C8C-79452665C33D}
		{3986E7FC-0AA8-3672-BB73-9168DEAD526C} = {3986E7FC-0AA8-3672-BB73-9168DEAD526C}
	EndProjectSection
EndProject
Project("{8BC9CEB8-8B4A-11D0-8D11-00A0C91BC942}") = "opencv_core", "..\core\opencv_core.vcxproj", "{97675405-ADDE-30D4-A00E-0F0D8083083D}"
	ProjectSection(ProjectDependencies) = postProject
		{34B73CEA-8A89-3D6B-BE55-8BC9F41E3886} = {34B73CEA-8A89-3D6B-BE55-8BC9F41E3886}
		{DE1CA980-FBB1-3690-8B25-F84CB08C48AD} = {DE1CA980-FBB1-3690-8B25-F84CB08C48AD}
	EndProjectSection
EndProject
Project("{8BC9CEB8-8B4A-11D0-8D11-00A0C91BC942}") = "opencv_features2d", "..\features2d\opencv_features2d.vcxproj", "{A4F54663-743A-3854-9DFD-74BF528E249E}"
	ProjectSection(ProjectDependencies) = postProject
		{34B73CEA-8A89-3D6B-BE55-8BC9F41E3886} = {34B73CEA-8A89-3D6B-BE55-8BC9F41E3886}
		{97675405-ADDE-30D4-A00E-0F0D8083083D} = {97675405-ADDE-30D4-A00E-0F0D8083083D}
		{A262F513-673A-3AF3-9E38-B27328CF7D03} = {A262F513-673A-3AF3-9E38-B27328CF7D03}
		{AA421B02-64C9-3666-8C8C-79452665C33D} = {AA421B02-64C9-3666-8C8C-79452665C33D}
		{3986E7FC-0AA8-3672-BB73-9168DEAD526C} = {3986E7FC-0AA8-3672-BB73-9168DEAD526C}
	EndProjectSection
EndProject
Project("{8BC9CEB8-8B4A-11D0-8D11-00A0C91BC942}") = "opencv_flann", "..\flann\opencv_flann.vcxproj", "{A262F513-673A-3AF3-9E38-B27328CF7D03}"
	ProjectSection(ProjectDependencies) = postProject
		{34B73CEA-8A89-3D6B-BE55-8BC9F41E3886} = {34B73CEA-8A89-3D6B-BE55-8BC9F41E3886}
		{97675405-ADDE-30D4-A00E-0F0D8083083D} = {97675405-ADDE-30D4-A00E-0F0D8083083D}
	EndProjectSection
EndProject
Project("{8BC9CEB8-8B4A-11D0-8D11-00A0C91BC942}") = "opencv_highgui", "opencv_highgui.vcxproj", "{AA421B02-64C9-3666-8C8C-79452665C33D}"
	ProjectSection(ProjectDependencies) = postProject
		{1CD2BE2E-CED0-3F45-B129-DAAB3A98FB49} = {1CD2BE2E-CED0-3F45-B129-DAAB3A98FB49}
		{34B73CEA-8A89-3D6B-BE55-8BC9F41E3886} = {34B73CEA-8A89-3D6B-BE55-8BC9F41E3886}
		{B4D4EDBF-112C-3A7E-89D4-CFD7EC9C1601} = {B4D4EDBF-112C-3A7E-89D4-CFD7EC9C1601}
		{3433EA60-842A-349E-98DE-A57FC03934C0} = {3433EA60-842A-349E-98DE-A57FC03934C0}
		{71283567-B97D-3EAE-BEC8-96F81C30EE53} = {71283567-B97D-3EAE-BEC8-96F81C30EE53}
		{173F464A-797D-328D-913D-86AC8DFB272B} = {173F464A-797D-328D-913D-86AC8DFB272B}
		{97675405-ADDE-30D4-A00E-0F0D8083083D} = {97675405-ADDE-30D4-A00E-0F0D8083083D}
		{3986E7FC-0AA8-3672-BB73-9168DEAD526C} = {3986E7FC-0AA8-3672-BB73-9168DEAD526C}
		{DE1CA980-FBB1-3690-8B25-F84CB08C48AD} = {DE1CA980-FBB1-3690-8B25-F84CB08C48AD}
	EndProjectSection
EndProject
Project("{8BC9CEB8-8B4A-11D0-8D11-00A0C91BC942}") = "opencv_imgproc", "..\imgproc\opencv_imgproc.vcxproj", "{3986E7FC-0AA8-3672-BB73-9168DEAD526C}"
	ProjectSection(ProjectDependencies) = postProject
		{34B73CEA-8A89-3D6B-BE55-8BC9F41E3886} = {34B73CEA-8A89-3D6B-BE55-8BC9F41E3886}
		{97675405-ADDE-30D4-A00E-0F0D8083083D} = {97675405-ADDE-30D4-A00E-0F0D8083083D}
	EndProjectSection
EndProject
Project("{8BC9CEB8-8B4A-11D0-8D11-00A0C91BC942}") = "opencv_perf_highgui", "opencv_perf_highgui.vcxproj", "{40792314-6886-330E-8E96-6CD7D3617DD1}"
	ProjectSection(ProjectDependencies) = postProject
		{34B73CEA-8A89-3D6B-BE55-8BC9F41E3886} = {34B73CEA-8A89-3D6B-BE55-8BC9F41E3886}
		{8F403C45-37D8-31DB-BB10-0CDE6CB9E654} = {8F403C45-37D8-31DB-BB10-0CDE6CB9E654}
		{97675405-ADDE-30D4-A00E-0F0D8083083D} = {97675405-ADDE-30D4-A00E-0F0D8083083D}
		{A4F54663-743A-3854-9DFD-74BF528E249E} = {A4F54663-743A-3854-9DFD-74BF528E249E}
		{A262F513-673A-3AF3-9E38-B27328CF7D03} = {A262F513-673A-3AF3-9E38-B27328CF7D03}
		{AA421B02-64C9-3666-8C8C-79452665C33D} = {AA421B02-64C9-3666-8C8C-79452665C33D}
		{3986E7FC-0AA8-3672-BB73-9168DEAD526C} = {3986E7FC-0AA8-3672-BB73-9168DEAD526C}
		{0D8E049B-9BEF-341F-A5CF-E330F9311254} = {0D8E049B-9BEF-341F-A5CF-E330F9311254}
		{B62849E9-302B-3182-BBA1-FE2597C538A7} = {B62849E9-302B-3182-BBA1-FE2597C538A7}
	EndProjectSection
EndProject
Project("{8BC9CEB8-8B4A-11D0-8D11-00A0C91BC942}") = "opencv_test_highgui", "opencv_test_highgui.vcxproj", "{C28592AA-E64C-3737-B699-1BCC97820693}"
	ProjectSection(ProjectDependencies) = postProject
		{34B73CEA-8A89-3D6B-BE55-8BC9F41E3886} = {34B73CEA-8A89-3D6B-BE55-8BC9F41E3886}
		{8F403C45-37D8-31DB-BB10-0CDE6CB9E654} = {8F403C45-37D8-31DB-BB10-0CDE6CB9E654}
		{97675405-ADDE-30D4-A00E-0F0D8083083D} = {97675405-ADDE-30D4-A00E-0F0D8083083D}
		{A4F54663-743A-3854-9DFD-74BF528E249E} = {A4F54663-743A-3854-9DFD-74BF528E249E}
		{A262F513-673A-3AF3-9E38-B27328CF7D03} = {A262F513-673A-3AF3-9E38-B27328CF7D03}
		{AA421B02-64C9-3666-8C8C-79452665C33D} = {AA421B02-64C9-3666-8C8C-79452665C33D}
		{3986E7FC-0AA8-3672-BB73-9168DEAD526C} = {3986E7FC-0AA8-3672-BB73-9168DEAD526C}
		{0D8E049B-9BEF-341F-A5CF-E330F9311254} = {0D8E049B-9BEF-341F-A5CF-E330F9311254}
		{B62849E9-302B-3182-BBA1-FE2597C538A7} = {B62849E9-302B-3182-BBA1-FE2597C538A7}
	EndProjectSection
EndProject
Project("{8BC9CEB8-8B4A-11D0-8D11-00A0C91BC942}") = "opencv_ts", "..\ts\opencv_ts.vcxproj", "{0D8E049B-9BEF-341F-A5CF-E330F9311254}"
	ProjectSection(ProjectDependencies) = postProject
		{34B73CEA-8A89-3D6B-BE55-8BC9F41E3886} = {34B73CEA-8A89-3D6B-BE55-8BC9F41E3886}
		{8F403C45-37D8-31DB-BB10-0CDE6CB9E654} = {8F403C45-37D8-31DB-BB10-0CDE6CB9E654}
		{97675405-ADDE-30D4-A00E-0F0D8083083D} = {97675405-ADDE-30D4-A00E-0F0D8083083D}
		{A4F54663-743A-3854-9DFD-74BF528E249E} = {A4F54663-743A-3854-9DFD-74BF528E249E}
		{A262F513-673A-3AF3-9E38-B27328CF7D03} = {A262F513-673A-3AF3-9E38-B27328CF7D03}
		{AA421B02-64C9-3666-8C8C-79452665C33D} = {AA421B02-64C9-3666-8C8C-79452665C33D}
		{3986E7FC-0AA8-3672-BB73-9168DEAD526C} = {3986E7FC-0AA8-3672-BB73-9168DEAD526C}
		{B62849E9-302B-3182-BBA1-FE2597C538A7} = {B62849E9-302B-3182-BBA1-FE2597C538A7}
	EndProjectSection
EndProject
Project("{8BC9CEB8-8B4A-11D0-8D11-00A0C91BC942}") = "opencv_video", "..\video\opencv_video.vcxproj", "{B62849E9-302B-3182-BBA1-FE2597C538A7}"
	ProjectSection(ProjectDependencies) = postProject
		{34B73CEA-8A89-3D6B-BE55-8BC9F41E3886} = {34B73CEA-8A89-3D6B-BE55-8BC9F41E3886}
		{97675405-ADDE-30D4-A00E-0F0D8083083D} = {97675405-ADDE-30D4-A00E-0F0D8083083D}
		{3986E7FC-0AA8-3672-BB73-9168DEAD526C} = {3986E7FC-0AA8-3672-BB73-9168DEAD526C}
	EndProjectSection
EndProject
Project("{8BC9CEB8-8B4A-11D0-8D11-00A0C91BC942}") = "zlib", "..\..\3rdparty\zlib\zlib.vcxproj", "{DE1CA980-FBB1-3690-8B25-F84CB08C48AD}"
	ProjectSection(ProjectDependencies) = postProject
		{34B73CEA-8A89-3D6B-BE55-8BC9F41E3886} = {34B73CEA-8A89-3D6B-BE55-8BC9F41E3886}
	EndProjectSection
EndProject
Global
	GlobalSection(SolutionConfigurationPlatforms) = preSolution
		Debug|x64 = Debug|x64
		Release|x64 = Release|x64
	EndGlobalSection
	GlobalSection(ProjectConfigurationPlatforms) = postSolution
		{5B160972-FB97-3685-93CC-9A70D2900E1B}.Debug|x64.ActiveCfg = Debug|x64
		{5B160972-FB97-3685-93CC-9A70D2900E1B}.Debug|x64.Build.0 = Debug|x64
		{5B160972-FB97-3685-93CC-9A70D2900E1B}.Release|x64.ActiveCfg = Release|x64
		{5B160972-FB97-3685-93CC-9A70D2900E1B}.Release|x64.Build.0 = Release|x64
		{66D7B32B-0326-31D0-852E-CA5007F8AEC8}.Debug|x64.ActiveCfg = Debug|x64
		{66D7B32B-0326-31D0-852E-CA5007F8AEC8}.Release|x64.ActiveCfg = Release|x64
		{1CD2BE2E-CED0-3F45-B129-DAAB3A98FB49}.Debug|x64.ActiveCfg = Debug|x64
		{1CD2BE2E-CED0-3F45-B129-DAAB3A98FB49}.Debug|x64.Build.0 = Debug|x64
		{1CD2BE2E-CED0-3F45-B129-DAAB3A98FB49}.Release|x64.ActiveCfg = Release|x64
		{1CD2BE2E-CED0-3F45-B129-DAAB3A98FB49}.Release|x64.Build.0 = Release|x64
		{4E4EA4CF-6B9B-3E5B-9C68-6234C3D253CF}.Debug|x64.ActiveCfg = Debug|x64
		{4E4EA4CF-6B9B-3E5B-9C68-6234C3D253CF}.Release|x64.ActiveCfg = Release|x64
		{70E4F734-EC0F-3195-84EB-481A6D104E7B}.Debug|x64.ActiveCfg = Debug|x64
		{70E4F734-EC0F-3195-84EB-481A6D104E7B}.Release|x64.ActiveCfg = Release|x64
		{34B73CEA-8A89-3D6B-BE55-8BC9F41E3886}.Debug|x64.ActiveCfg = Debug|x64
		{34B73CEA-8A89-3D6B-BE55-8BC9F41E3886}.Debug|x64.Build.0 = Debug|x64
		{34B73CEA-8A89-3D6B-BE55-8BC9F41E3886}.Release|x64.ActiveCfg = Release|x64
		{34B73CEA-8A89-3D6B-BE55-8BC9F41E3886}.Release|x64.Build.0 = Release|x64
		{B4D4EDBF-112C-3A7E-89D4-CFD7EC9C1601}.Debug|x64.ActiveCfg = Debug|x64
		{B4D4EDBF-112C-3A7E-89D4-CFD7EC9C1601}.Debug|x64.Build.0 = Debug|x64
		{B4D4EDBF-112C-3A7E-89D4-CFD7EC9C1601}.Release|x64.ActiveCfg = Release|x64
		{B4D4EDBF-112C-3A7E-89D4-CFD7EC9C1601}.Release|x64.Build.0 = Release|x64
		{3433EA60-842A-349E-98DE-A57FC03934C0}.Debug|x64.ActiveCfg = Debug|x64
		{3433EA60-842A-349E-98DE-A57FC03934C0}.Debug|x64.Build.0 = Debug|x64
		{3433EA60-842A-349E-98DE-A57FC03934C0}.Release|x64.ActiveCfg = Release|x64
		{3433EA60-842A-349E-98DE-A57FC03934C0}.Release|x64.Build.0 = Release|x64
		{71283567-B97D-3EAE-BEC8-96F81C30EE53}.Debug|x64.ActiveCfg = Debug|x64
		{71283567-B97D-3EAE-BEC8-96F81C30EE53}.Debug|x64.Build.0 = Debug|x64
		{71283567-B97D-3EAE-BEC8-96F81C30EE53}.Release|x64.ActiveCfg = Release|x64
		{71283567-B97D-3EAE-BEC8-96F81C30EE53}.Release|x64.Build.0 = Release|x64
		{173F464A-797D-328D-913D-86AC8DFB272B}.Debug|x64.ActiveCfg = Debug|x64
		{173F464A-797D-328D-913D-86AC8DFB272B}.Debug|x64.Build.0 = Debug|x64
		{173F464A-797D-328D-913D-86AC8DFB272B}.Release|x64.ActiveCfg = Release|x64
		{173F464A-797D-328D-913D-86AC8DFB272B}.Release|x64.Build.0 = Release|x64
		{8F403C45-37D8-31DB-BB10-0CDE6CB9E654}.Debug|x64.ActiveCfg = Debug|x64
		{8F403C45-37D8-31DB-BB10-0CDE6CB9E654}.Debug|x64.Build.0 = Debug|x64
		{8F403C45-37D8-31DB-BB10-0CDE6CB9E654}.Release|x64.ActiveCfg = Release|x64
		{8F403C45-37D8-31DB-BB10-0CDE6CB9E654}.Release|x64.Build.0 = Release|x64
		{97675405-ADDE-30D4-A00E-0F0D8083083D}.Debug|x64.ActiveCfg = Debug|x64
		{97675405-ADDE-30D4-A00E-0F0D8083083D}.Debug|x64.Build.0 = Debug|x64
		{97675405-ADDE-30D4-A00E-0F0D8083083D}.Release|x64.ActiveCfg = Release|x64
		{97675405-ADDE-30D4-A00E-0F0D8083083D}.Release|x64.Build.0 = Release|x64
		{A4F54663-743A-3854-9DFD-74BF528E249E}.Debug|x64.ActiveCfg = Debug|x64
		{A4F54663-743A-3854-9DFD-74BF528E249E}.Debug|x64.Build.0 = Debug|x64
		{A4F54663-743A-3854-9DFD-74BF528E249E}.Release|x64.ActiveCfg = Release|x64
		{A4F54663-743A-3854-9DFD-74BF528E249E}.Release|x64.Build.0 = Release|x64
		{A262F513-673A-3AF3-9E38-B27328CF7D03}.Debug|x64.ActiveCfg = Debug|x64
		{A262F513-673A-3AF3-9E38-B27328CF7D03}.Debug|x64.Build.0 = Debug|x64
		{A262F513-673A-3AF3-9E38-B27328CF7D03}.Release|x64.ActiveCfg = Release|x64
		{A262F513-673A-3AF3-9E38-B27328CF7D03}.Release|x64.Build.0 = Release|x64
		{AA421B02-64C9-3666-8C8C-79452665C33D}.Debug|x64.ActiveCfg = Debug|x64
		{AA421B02-64C9-3666-8C8C-79452665C33D}.Debug|x64.Build.0 = Debug|x64
		{AA421B02-64C9-3666-8C8C-79452665C33D}.Release|x64.ActiveCfg = Release|x64
		{AA421B02-64C9-3666-8C8C-79452665C33D}.Release|x64.Build.0 = Release|x64
		{3986E7FC-0AA8-3672-BB73-9168DEAD526C}.Debug|x64.ActiveCfg = Debug|x64
		{3986E7FC-0AA8-3672-BB73-9168DEAD526C}.Debug|x64.Build.0 = Debug|x64
		{3986E7FC-0AA8-3672-BB73-9168DEAD526C}.Release|x64.ActiveCfg = Release|x64
		{3986E7FC-0AA8-3672-BB73-9168DEAD526C}.Release|x64.Build.0 = Release|x64
		{40792314-6886-330E-8E96-6CD7D3617DD1}.Debug|x64.ActiveCfg = Debug|x64
		{40792314-6886-330E-8E96-6CD7D3617DD1}.Debug|x64.Build.0 = Debug|x64
		{40792314-6886-330E-8E96-6CD7D3617DD1}.Release|x64.ActiveCfg = Release|x64
		{40792314-6886-330E-8E96-6CD7D3617DD1}.Release|x64.Build.0 = Release|x64
		{C28592AA-E64C-3737-B699-1BCC97820693}.Debug|x64.ActiveCfg = Debug|x64
		{C28592AA-E64C-3737-B699-1BCC97820693}.Debug|x64.Build.0 = Debug|x64
		{C28592AA-E64C-3737-B699-1BCC97820693}.Release|x64.ActiveCfg = Release|x64
		{C28592AA-E64C-3737-B699-1BCC97820693}.Release|x64.Build.0 = Release|x64
		{0D8E049B-9BEF-341F-A5CF-E330F9311254}.Debug|x64.ActiveCfg = Debug|x64
		{0D8E049B-9BEF-341F-A5CF-E330F9311254}.Debug|x64.Build.0 = Debug|x64
		{0D8E049B-9BEF-341F-A5CF-E330F9311254}.Release|x64.ActiveCfg = Release|x64
		{0D8E049B-9BEF-341F-A5CF-E330F9311254}.Release|x64.Build.0 = Release|x64
		{B62849E9-302B-3182-BBA1-FE2597C538A7}.Debug|x64.ActiveCfg = Debug|x64
		{B62849E9-302B-3182-BBA1-FE2597C538A7}.Debug|x64.Build.0 = Debug|x64
		{B62849E9-302B-3182-BBA1-FE2597C538A7}.Release|x64.ActiveCfg = Release|x64
		{B62849E9-302B-3182-BBA1-FE2597C538A7}.Release|x64.Build.0 = Release|x64
		{DE1CA980-FBB1-3690-8B25-F84CB08C48AD}.Debug|x64.ActiveCfg = Debug|x64
		{DE1CA980-FBB1-3690-8B25-F84CB08C48AD}.Debug|x64.Build.0 = Debug|x64
		{DE1CA980-FBB1-3690-8B25-F84CB08C48AD}.Release|x64.ActiveCfg = Release|x64
		{DE1CA980-FBB1-3690-8B25-F84CB08C48AD}.Release|x64.Build.0 = Release|x64
	EndGlobalSection
	GlobalSection(NestedProjects) = preSolution
		{1CD2BE2E-CED0-3F45-B129-DAAB3A98FB49} = {06C64CE2-0BF9-3EAE-90E4-345CDCC43C96}
		{B4D4EDBF-112C-3A7E-89D4-CFD7EC9C1601} = {06C64CE2-0BF9-3EAE-90E4-345CDCC43C96}
		{3433EA60-842A-349E-98DE-A57FC03934C0} = {06C64CE2-0BF9-3EAE-90E4-345CDCC43C96}
		{71283567-B97D-3EAE-BEC8-96F81C30EE53} = {06C64CE2-0BF9-3EAE-90E4-345CDCC43C96}
		{173F464A-797D-328D-913D-86AC8DFB272B} = {06C64CE2-0BF9-3EAE-90E4-345CDCC43C96}
		{DE1CA980-FBB1-3690-8B25-F84CB08C48AD} = {06C64CE2-0BF9-3EAE-90E4-345CDCC43C96}
		{5B160972-FB97-3685-93CC-9A70D2900E1B} = {6E5D64FD-34DC-3469-9E7D-34B93DE26696}
		{66D7B32B-0326-31D0-852E-CA5007F8AEC8} = {6E5D64FD-34DC-3469-9E7D-34B93DE26696}
		{4E4EA4CF-6B9B-3E5B-9C68-6234C3D253CF} = {6E5D64FD-34DC-3469-9E7D-34B93DE26696}
		{70E4F734-EC0F-3195-84EB-481A6D104E7B} = {6E5D64FD-34DC-3469-9E7D-34B93DE26696}
		{34B73CEA-8A89-3D6B-BE55-8BC9F41E3886} = {6E5D64FD-34DC-3469-9E7D-34B93DE26696}
		{8F403C45-37D8-31DB-BB10-0CDE6CB9E654} = {BCF26AD2-1F9B-32D2-AD0D-5CF98999458A}
		{97675405-ADDE-30D4-A00E-0F0D8083083D} = {BCF26AD2-1F9B-32D2-AD0D-5CF98999458A}
		{A4F54663-743A-3854-9DFD-74BF528E249E} = {BCF26AD2-1F9B-32D2-AD0D-5CF98999458A}
		{A262F513-673A-3AF3-9E38-B27328CF7D03} = {BCF26AD2-1F9B-32D2-AD0D-5CF98999458A}
		{AA421B02-64C9-3666-8C8C-79452665C33D} = {BCF26AD2-1F9B-32D2-AD0D-5CF98999458A}
		{3986E7FC-0AA8-3672-BB73-9168DEAD526C} = {BCF26AD2-1F9B-32D2-AD0D-5CF98999458A}
		{0D8E049B-9BEF-341F-A5CF-E330F9311254} = {BCF26AD2-1F9B-32D2-AD0D-5CF98999458A}
		{B62849E9-302B-3182-BBA1-FE2597C538A7} = {BCF26AD2-1F9B-32D2-AD0D-5CF98999458A}
		{C28592AA-E64C-3737-B699-1BCC97820693} = {E471B33A-6BB3-339F-B384-079B6FD3C8A8}
		{40792314-6886-330E-8E96-6CD7D3617DD1} = {6276DA97-A483-33D3-851E-5AFC64077036}
	EndGlobalSection
	GlobalSection(ExtensibilityGlobals) = postSolution
	EndGlobalSection
	GlobalSection(ExtensibilityAddIns) = postSolution
	EndGlobalSection
EndGlobal
