<?xml version="1.0" encoding="UTF-8"?>
<Project ToolsVersion="14.0" xmlns="http://schemas.microsoft.com/developer/msbuild/2003">
  <ItemGroup>
    <ClCompile Include="E:\SDK\opencv_2.4.13.2\sources\modules\videostab\src\deblurring.cpp">
      <Filter>Src</Filter>
    </ClCompile>
    <ClCompile Include="E:\SDK\opencv_2.4.13.2\sources\modules\videostab\src\fast_marching.cpp">
      <Filter>Src</Filter>
    </ClCompile>
    <ClCompile Include="E:\SDK\opencv_2.4.13.2\sources\modules\videostab\src\frame_source.cpp">
      <Filter>Src</Filter>
    </ClCompile>
    <ClCompile Include="E:\SDK\opencv_2.4.13.2\sources\modules\videostab\src\global_motion.cpp">
      <Filter>Src</Filter>
    </ClCompile>
    <ClCompile Include="E:\SDK\opencv_2.4.13.2\sources\modules\videostab\src\inpainting.cpp">
      <Filter>Src</Filter>
    </ClCompile>
    <ClCompile Include="E:\SDK\opencv_2.4.13.2\sources\modules\videostab\src\log.cpp">
      <Filter>Src</Filter>
    </ClCompile>
    <ClCompile Include="E:\SDK\opencv_2.4.13.2\sources\modules\videostab\src\motion_stabilizing.cpp">
      <Filter>Src</Filter>
    </ClCompile>
    <ClCompile Include="E:\SDK\opencv_2.4.13.2\sources\modules\videostab\src\optical_flow.cpp">
      <Filter>Src</Filter>
    </ClCompile>
    <ClCompile Include="E:\SDK\opencv_2.4.13.2\sources\modules\videostab\src\stabilizer.cpp">
      <Filter>Src</Filter>
    </ClCompile>
    <ClCompile Include="E:\SDK\opencv_2.4.13.2\build_John_noGPU\modules\videostab\opencv_videostab_pch.cpp">
      <Filter>Source Files</Filter>
    </ClCompile>
  </ItemGroup>
  <ItemGroup>
    <ClInclude Include="E:\SDK\opencv_2.4.13.2\sources\modules\videostab\include\opencv2\videostab.hpp">
      <Filter>Include</Filter>
    </ClInclude>
    <ClInclude Include="E:\SDK\opencv_2.4.13.2\sources\modules\videostab\include\opencv2\videostab\deblurring.hpp">
      <Filter>Include</Filter>
    </ClInclude>
    <ClInclude Include="E:\SDK\opencv_2.4.13.2\sources\modules\videostab\include\opencv2\videostab\fast_marching.hpp">
      <Filter>Include</Filter>
    </ClInclude>
    <ClInclude Include="E:\SDK\opencv_2.4.13.2\sources\modules\videostab\include\opencv2\videostab\fast_marching_inl.hpp">
      <Filter>Include</Filter>
    </ClInclude>
    <ClInclude Include="E:\SDK\opencv_2.4.13.2\sources\modules\videostab\include\opencv2\videostab\frame_source.hpp">
      <Filter>Include</Filter>
    </ClInclude>
    <ClInclude Include="E:\SDK\opencv_2.4.13.2\sources\modules\videostab\include\opencv2\videostab\global_motion.hpp">
      <Filter>Include</Filter>
    </ClInclude>
    <ClInclude Include="E:\SDK\opencv_2.4.13.2\sources\modules\videostab\include\opencv2\videostab\inpainting.hpp">
      <Filter>Include</Filter>
    </ClInclude>
    <ClInclude Include="E:\SDK\opencv_2.4.13.2\sources\modules\videostab\include\opencv2\videostab\log.hpp">
      <Filter>Include</Filter>
    </ClInclude>
    <ClInclude Include="E:\SDK\opencv_2.4.13.2\sources\modules\videostab\include\opencv2\videostab\motion_stabilizing.hpp">
      <Filter>Include</Filter>
    </ClInclude>
    <ClInclude Include="E:\SDK\opencv_2.4.13.2\sources\modules\videostab\include\opencv2\videostab\optical_flow.hpp">
      <Filter>Include</Filter>
    </ClInclude>
    <ClInclude Include="E:\SDK\opencv_2.4.13.2\sources\modules\videostab\include\opencv2\videostab\stabilizer.hpp">
      <Filter>Include</Filter>
    </ClInclude>
    <ClInclude Include="E:\SDK\opencv_2.4.13.2\sources\modules\videostab\include\opencv2\videostab\videostab.hpp">
      <Filter>Include</Filter>
    </ClInclude>
    <ClInclude Include="E:\SDK\opencv_2.4.13.2\sources\modules\videostab\src\precomp.hpp">
      <Filter>Src</Filter>
    </ClInclude>
    <ClInclude Include="E:\SDK\opencv_2.4.13.2\build_John_noGPU\cvconfig.h">
      <Filter>Header Files</Filter>
    </ClInclude>
    <ClInclude Include="E:\SDK\opencv_2.4.13.2\build_John_noGPU\opencv2\opencv_modules.hpp">
      <Filter>Header Files</Filter>
    </ClInclude>
  </ItemGroup>
  <ItemGroup>
    <CustomBuild Include="E:\SDK\opencv_2.4.13.2\sources\modules\videostab\CMakeLists.txt" />
  </ItemGroup>
  <ItemGroup>
    <Filter Include="Source Files">
      <UniqueIdentifier>{72D18FE9-2C9B-3E80-AD43-BC00B07441FB}</UniqueIdentifier>
    </Filter>
    <Filter Include="Header Files">
      <UniqueIdentifier>{BA1F9B3B-AC88-3367-8369-4A7A90DA0190}</UniqueIdentifier>
    </Filter>
    <Filter Include="Src">
      <UniqueIdentifier>{9337EA60-DD63-3BD8-8158-EE2183B46609}</UniqueIdentifier>
    </Filter>
    <Filter Include="Include">
      <UniqueIdentifier>{DD9B1ACD-F268-34CC-95DE-3FFAA5C81472}</UniqueIdentifier>
    </Filter>
  </ItemGroup>
</Project>
