<?xml version="1.0" encoding="UTF-8"?>
<Project ToolsVersion="14.0" xmlns="http://schemas.microsoft.com/developer/msbuild/2003">
  <ItemGroup>
    <ClCompile Include="E:\SDK\opencv_2.4.13.2\sources\modules\imgproc\perf\perf_bilateral.cpp">
      <Filter>Src</Filter>
    </ClCompile>
    <ClCompile Include="E:\SDK\opencv_2.4.13.2\sources\modules\imgproc\perf\perf_blur.cpp">
      <Filter>Src</Filter>
    </ClCompile>
    <ClCompile Include="E:\SDK\opencv_2.4.13.2\sources\modules\imgproc\perf\perf_canny.cpp">
      <Filter>Src</Filter>
    </ClCompile>
    <ClCompile Include="E:\SDK\opencv_2.4.13.2\sources\modules\imgproc\perf\perf_cornerEigenValsAndVecs.cpp">
      <Filter>Src</Filter>
    </ClCompile>
    <ClCompile Include="E:\SDK\opencv_2.4.13.2\sources\modules\imgproc\perf\perf_cornerHarris.cpp">
      <Filter>Src</Filter>
    </ClCompile>
    <ClCompile Include="E:\SDK\opencv_2.4.13.2\sources\modules\imgproc\perf\perf_cvt_color.cpp">
      <Filter>Src</Filter>
    </ClCompile>
    <ClCompile Include="E:\SDK\opencv_2.4.13.2\sources\modules\imgproc\perf\perf_distanceTransform.cpp">
      <Filter>Src</Filter>
    </ClCompile>
    <ClCompile Include="E:\SDK\opencv_2.4.13.2\sources\modules\imgproc\perf\perf_filter2d.cpp">
      <Filter>Src</Filter>
    </ClCompile>
    <ClCompile Include="E:\SDK\opencv_2.4.13.2\sources\modules\imgproc\perf\perf_goodFeaturesToTrack.cpp">
      <Filter>Src</Filter>
    </ClCompile>
    <ClCompile Include="E:\SDK\opencv_2.4.13.2\sources\modules\imgproc\perf\perf_histogram.cpp">
      <Filter>Src</Filter>
    </ClCompile>
    <ClCompile Include="E:\SDK\opencv_2.4.13.2\sources\modules\imgproc\perf\perf_houghLines.cpp">
      <Filter>Src</Filter>
    </ClCompile>
    <ClCompile Include="E:\SDK\opencv_2.4.13.2\sources\modules\imgproc\perf\perf_integral.cpp">
      <Filter>Src</Filter>
    </ClCompile>
    <ClCompile Include="E:\SDK\opencv_2.4.13.2\sources\modules\imgproc\perf\perf_main.cpp">
      <Filter>Src</Filter>
    </ClCompile>
    <ClCompile Include="E:\SDK\opencv_2.4.13.2\sources\modules\imgproc\perf\perf_matchTemplate.cpp">
      <Filter>Src</Filter>
    </ClCompile>
    <ClCompile Include="E:\SDK\opencv_2.4.13.2\sources\modules\imgproc\perf\perf_morph.cpp">
      <Filter>Src</Filter>
    </ClCompile>
    <ClCompile Include="E:\SDK\opencv_2.4.13.2\sources\modules\imgproc\perf\perf_pyramids.cpp">
      <Filter>Src</Filter>
    </ClCompile>
    <ClCompile Include="E:\SDK\opencv_2.4.13.2\sources\modules\imgproc\perf\perf_remap.cpp">
      <Filter>Src</Filter>
    </ClCompile>
    <ClCompile Include="E:\SDK\opencv_2.4.13.2\sources\modules\imgproc\perf\perf_resize.cpp">
      <Filter>Src</Filter>
    </ClCompile>
    <ClCompile Include="E:\SDK\opencv_2.4.13.2\sources\modules\imgproc\perf\perf_sepfilters.cpp">
      <Filter>Src</Filter>
    </ClCompile>
    <ClCompile Include="E:\SDK\opencv_2.4.13.2\sources\modules\imgproc\perf\perf_threshold.cpp">
      <Filter>Src</Filter>
    </ClCompile>
    <ClCompile Include="E:\SDK\opencv_2.4.13.2\sources\modules\imgproc\perf\perf_warp.cpp">
      <Filter>Src</Filter>
    </ClCompile>
    <ClCompile Include="E:\SDK\opencv_2.4.13.2\build_John_noGPU\modules\imgproc\opencv_perf_imgproc_pch.cpp">
      <Filter>Source Files</Filter>
    </ClCompile>
  </ItemGroup>
  <ItemGroup>
    <ClInclude Include="E:\SDK\opencv_2.4.13.2\sources\modules\imgproc\perf\perf_precomp.hpp">
      <Filter>Include</Filter>
    </ClInclude>
  </ItemGroup>
  <ItemGroup>
    <CustomBuild Include="E:\SDK\opencv_2.4.13.2\sources\modules\imgproc\CMakeLists.txt" />
  </ItemGroup>
  <ItemGroup>
    <Filter Include="Source Files">
      <UniqueIdentifier>{72D18FE9-2C9B-3E80-AD43-BC00B07441FB}</UniqueIdentifier>
    </Filter>
    <Filter Include="Src">
      <UniqueIdentifier>{9337EA60-DD63-3BD8-8158-EE2183B46609}</UniqueIdentifier>
    </Filter>
    <Filter Include="Include">
      <UniqueIdentifier>{DD9B1ACD-F268-34CC-95DE-3FFAA5C81472}</UniqueIdentifier>
    </Filter>
  </ItemGroup>
</Project>
