<?xml version="1.0" encoding="UTF-8"?>
<Project ToolsVersion="14.0" xmlns="http://schemas.microsoft.com/developer/msbuild/2003">
  <ItemGroup>
    <ClCompile Include="E:\SDK\opencv_2.4.13.2\sources\modules\nonfree\test\test_detectors.cpp">
      <Filter>Src</Filter>
    </ClCompile>
    <ClCompile Include="E:\SDK\opencv_2.4.13.2\sources\modules\nonfree\test\test_features2d.cpp">
      <Filter>Src</Filter>
    </ClCompile>
    <ClCompile Include="E:\SDK\opencv_2.4.13.2\sources\modules\nonfree\test\test_gpu.cpp">
      <Filter>Src</Filter>
    </ClCompile>
    <ClCompile Include="E:\SDK\opencv_2.4.13.2\sources\modules\nonfree\test\test_keypoints.cpp">
      <Filter>Src</Filter>
    </ClCompile>
    <ClCompile Include="E:\SDK\opencv_2.4.13.2\sources\modules\nonfree\test\test_main.cpp">
      <Filter>Src</Filter>
    </ClCompile>
    <ClCompile Include="E:\SDK\opencv_2.4.13.2\sources\modules\nonfree\test\test_rotation_and_scale_invariance.cpp">
      <Filter>Src</Filter>
    </ClCompile>
    <ClCompile Include="E:\SDK\opencv_2.4.13.2\sources\modules\nonfree\test\test_surf_ocl.cpp">
      <Filter>Src</Filter>
    </ClCompile>
    <ClCompile Include="E:\SDK\opencv_2.4.13.2\build_John_noGPU\modules\nonfree\opencv_test_nonfree_pch.cpp">
      <Filter>Source Files</Filter>
    </ClCompile>
  </ItemGroup>
  <ItemGroup>
    <ClInclude Include="E:\SDK\opencv_2.4.13.2\sources\modules\nonfree\test\test_precomp.hpp">
      <Filter>Include</Filter>
    </ClInclude>
  </ItemGroup>
  <ItemGroup>
    <CustomBuild Include="E:\SDK\opencv_2.4.13.2\sources\modules\nonfree\CMakeLists.txt" />
  </ItemGroup>
  <ItemGroup>
    <Filter Include="Source Files">
      <UniqueIdentifier>{72D18FE9-2C9B-3E80-AD43-BC00B07441FB}</UniqueIdentifier>
    </Filter>
    <Filter Include="Src">
      <UniqueIdentifier>{9337EA60-DD63-3BD8-8158-EE2183B46609}</UniqueIdentifier>
    </Filter>
    <Filter Include="Include">
      <UniqueIdentifier>{DD9B1ACD-F268-34CC-95DE-3FFAA5C81472}</UniqueIdentifier>
    </Filter>
  </ItemGroup>
</Project>
