
Microsoft Visual Studio Solution File, Format Version 12.00
# Visual Studio 14
VisualStudioVersion = 14.0.24720.0
MinimumVisualStudioVersion = 10.0.40219.1
Project("{8BC9CEB8-8B4A-11D0-8D11-00A0C91BC942}") = "CVCameraTest", "CVCameraTest.vcxproj", "{04C4B882-ADDB-34E1-8D25-B2C25F32CE9B}"
EndProject
Global
	GlobalSection(SolutionConfigurationPlatforms) = preSolution
		Debug|x64 = Debug|x64
		Release|x64 = Release|x64
	EndGlobalSection
	GlobalSection(ProjectConfigurationPlatforms) = postSolution
		{04C4B882-ADDB-34E1-8D25-B2C25F32CE9B}.Debug|x64.ActiveCfg = Debug|x64
		{04C4B882-ADDB-34E1-8D25-B2C25F32CE9B}.Debug|x64.Build.0 = Debug|x64
		{04C4B882-ADDB-34E1-8D25-B2C25F32CE9B}.Release|x64.ActiveCfg = Release|x64
		{04C4B882-ADDB-34E1-8D25-B2C25F32CE9B}.Release|x64.Build.0 = Release|x64
	EndGlobalSection
	GlobalSection(SolutionProperties) = preSolution
		HideSolutionNode = FALSE
	EndGlobalSection
EndGlobal
